
Microsoft Visual Studio Solution File, Format Version 12.00
# Visual Studio 15
VisualStudioVersion = 15.0.26124.0
MinimumVisualStudioVersion = 15.0.26124.0
Project("{9A19103F-16F7-4668-BE54-9A1E7A4F7556}") = "R5T.Lombardy.Construction", "R5T.Lombardy.Construction\R5T.Lombardy.Construction.csproj", "{6BDFEACF-E8A2-422B-9FDA-4D1B3D7A404E}"
EndProject
Project("{9A19103F-16F7-4668-BE54-9A1E7A4F7556}") = "R5T.Lombardy", "R5T.Lombardy\R5T.Lombardy.csproj", "{9FAF5D83-FED6-42E7-8895-8DECFCB35844}"
EndProject
Project("{9A19103F-16F7-4668-BE54-9A1E7A4F7556}") = "R5T.Lombardy.Testing", "R5T.Lombardy.Testing\R5T.Lombardy.Testing.csproj", "{56FBD13C-D2A9-487E-B387-94791011C2B4}"
EndProject
Project("{2150E333-8FDC-42A3-9474-1A3956D46DE8}") = "_Dependencies", "_Dependencies", "{EB15B669-2ABA-45E8-B70D-79FACE22B154}"
EndProject
Project("{9A19103F-16F7-4668-BE54-9A1E7A4F7556}") = "R5T.Lombardy.Base", "..\..\R5T.Lombardy.Base\source\R5T.Lombardy.Base\R5T.Lombardy.Base.csproj", "{FE0C1DB8-9BA1-4E29-B5D0-FAF700B85F68}"
EndProject
Project("{9A19103F-16F7-4668-BE54-9A1E7A4F7556}") = "R5T.Lombardy.Test", "..\..\R5T.Lombardy.Test\source\R5T.Lombardy.Test\R5T.Lombardy.Test.csproj", "{E4A6FDBF-B3AF-4506-86FB-A834281C43BC}"
EndProject
Project("{9A19103F-16F7-4668-BE54-9A1E7A4F7556}") = "R5T.Rugia", "..\..\R5T.Rugia\source\R5T.Rugia\R5T.Rugia.csproj", "{8ADCE6E7-25CB-432A-9E20-9FC2810D88FB}"
EndProject
Project("{9A19103F-16F7-4668-BE54-9A1E7A4F7556}") = "R5T.Magyar", "..\..\R5T.Magyar\source\R5T.Magyar\R5T.Magyar.csproj", "{9BCCA90A-8DE7-4C0C-817A-0B7E0A50FE81}"
EndProject
Project("{9A19103F-16F7-4668-BE54-9A1E7A4F7556}") = "R5T.Salamis", "..\..\R5T.Salamis\source\R5T.Salamis\R5T.Salamis.csproj", "{57AF2F2F-9D20-40A3-9EEB-891780156AEB}"
EndProject
Project("{9A19103F-16F7-4668-BE54-9A1E7A4F7556}") = "R5T.Cherusci", "..\..\R5T.Cherusci\source\R5T.Cherusci\R5T.Cherusci.csproj", "{0C81E0BF-B9AE-4215-9F31-5CB1E3A026F0}"
EndProject
Project("{9A19103F-16F7-4668-BE54-9A1E7A4F7556}") = "R5T.Rugia.Base", "..\..\R5T.Rugia.Base\source\R5T.Rugia.Base\R5T.Rugia.Base.csproj", "{B749318F-6FAD-46F8-AF3D-C439F6113C0D}"
EndProject
Project("{9A19103F-16F7-4668-BE54-9A1E7A4F7556}") = "R5T.Dacia.Extensions", "..\..\R5T.Dacia.Extensions\source\R5T.Dacia.Extensions\R5T.Dacia.Extensions.csproj", "{F7BAAE7C-3860-488E-BFB5-D3851B876456}"
EndProject
Project("{9A19103F-16F7-4668-BE54-9A1E7A4F7556}") = "R5T.Dacia", "..\..\R5T.Dacia\source\R5T.Dacia\R5T.Dacia.csproj", "{9B37BE80-12DE-4111-A542-4A0324915F2B}"
EndProject
Project("{9A19103F-16F7-4668-BE54-9A1E7A4F7556}") = "R5T.T0064", "..\..\R5T.T0064\source\R5T.T0064\R5T.T0064.csproj", "{FD965680-7A79-4850-86A9-3836C574DD76}"
EndProject
Project("{9A19103F-16F7-4668-BE54-9A1E7A4F7556}") = "R5T.T0062.X001", "..\..\R5T.T0062\source\R5T.T0062.X001\R5T.T0062.X001.csproj", "{2D758580-2EB1-493D-BFBE-CE17C720681D}"
EndProject
Project("{9A19103F-16F7-4668-BE54-9A1E7A4F7556}") = "R5T.T0063", "..\..\R5T.T0063\source\R5T.T0063\R5T.T0063.csproj", "{DDFEF096-867B-4FEA-92B6-2C5322BDD158}"
EndProject
Project("{9A19103F-16F7-4668-BE54-9A1E7A4F7556}") = "R5T.L0013", "..\..\R5T.L0013\source\R5T.L0013\R5T.L0013.csproj", "{110C081A-CF0C-4DA3-B904-C49733CD3AC8}"
EndProject
Project("{9A19103F-16F7-4668-BE54-9A1E7A4F7556}") = "R5T.T0062", "..\..\R5T.T0062\source\R5T.T0062\R5T.T0062.csproj", "{BFF13BCD-711F-4C6E-B8CD-3F56640B8A6C}"
EndProject
Project("{9A19103F-16F7-4668-BE54-9A1E7A4F7556}") = "R5T.T0039.T002", "..\..\R5T.T0039\source\R5T.T0039.T002\R5T.T0039.T002.csproj", "{09DEA85F-5CCB-4F16-A8EE-514633ECCECF}"
EndProject
Global
	GlobalSection(SolutionConfigurationPlatforms) = preSolution
		Debug|Any CPU = Debug|Any CPU
		Debug|x64 = Debug|x64
		Debug|x86 = Debug|x86
		Release|Any CPU = Release|Any CPU
		Release|x64 = Release|x64
		Release|x86 = Release|x86
	EndGlobalSection
	GlobalSection(ProjectConfigurationPlatforms) = postSolution
		{6BDFEACF-E8A2-422B-9FDA-4D1B3D7A404E}.Debug|Any CPU.ActiveCfg = Debug|Any CPU
		{6BDFEACF-E8A2-422B-9FDA-4D1B3D7A404E}.Debug|Any CPU.Build.0 = Debug|Any CPU
		{6BDFEACF-E8A2-422B-9FDA-4D1B3D7A404E}.Debug|x64.ActiveCfg = Debug|Any CPU
		{6BDFEACF-E8A2-422B-9FDA-4D1B3D7A404E}.Debug|x64.Build.0 = Debug|Any CPU
		{6BDFEACF-E8A2-422B-9FDA-4D1B3D7A404E}.Debug|x86.ActiveCfg = Debug|Any CPU
		{6BDFEACF-E8A2-422B-9FDA-4D1B3D7A404E}.Debug|x86.Build.0 = Debug|Any CPU
		{6BDFEACF-E8A2-422B-9FDA-4D1B3D7A404E}.Release|Any CPU.ActiveCfg = Release|Any CPU
		{6BDFEACF-E8A2-422B-9FDA-4D1B3D7A404E}.Release|Any CPU.Build.0 = Release|Any CPU
		{6BDFEACF-E8A2-422B-9FDA-4D1B3D7A404E}.Release|x64.ActiveCfg = Release|Any CPU
		{6BDFEACF-E8A2-422B-9FDA-4D1B3D7A404E}.Release|x64.Build.0 = Release|Any CPU
		{6BDFEACF-E8A2-422B-9FDA-4D1B3D7A404E}.Release|x86.ActiveCfg = Release|Any CPU
		{6BDFEACF-E8A2-422B-9FDA-4D1B3D7A404E}.Release|x86.Build.0 = Release|Any CPU
		{9FAF5D83-FED6-42E7-8895-8DECFCB35844}.Debug|Any CPU.ActiveCfg = Debug|Any CPU
		{9FAF5D83-FED6-42E7-8895-8DECFCB35844}.Debug|Any CPU.Build.0 = Debug|Any CPU
		{9FAF5D83-FED6-42E7-8895-8DECFCB35844}.Debug|x64.ActiveCfg = Debug|Any CPU
		{9FAF5D83-FED6-42E7-8895-8DECFCB35844}.Debug|x64.Build.0 = Debug|Any CPU
		{9FAF5D83-FED6-42E7-8895-8DECFCB35844}.Debug|x86.ActiveCfg = Debug|Any CPU
		{9FAF5D83-FED6-42E7-8895-8DECFCB35844}.Debug|x86.Build.0 = Debug|Any CPU
		{9FAF5D83-FED6-42E7-8895-8DECFCB35844}.Release|Any CPU.ActiveCfg = Release|Any CPU
		{9FAF5D83-FED6-42E7-8895-8DECFCB35844}.Release|Any CPU.Build.0 = Release|Any CPU
		{9FAF5D83-FED6-42E7-8895-8DECFCB35844}.Release|x64.ActiveCfg = Release|Any CPU
		{9FAF5D83-FED6-42E7-8895-8DECFCB35844}.Release|x64.Build.0 = Release|Any CPU
		{9FAF5D83-FED6-42E7-8895-8DECFCB35844}.Release|x86.ActiveCfg = Release|Any CPU
		{9FAF5D83-FED6-42E7-8895-8DECFCB35844}.Release|x86.Build.0 = Release|Any CPU
		{56FBD13C-D2A9-487E-B387-94791011C2B4}.Debug|Any CPU.ActiveCfg = Debug|Any CPU
		{56FBD13C-D2A9-487E-B387-94791011C2B4}.Debug|Any CPU.Build.0 = Debug|Any CPU
		{56FBD13C-D2A9-487E-B387-94791011C2B4}.Debug|x64.ActiveCfg = Debug|Any CPU
		{56FBD13C-D2A9-487E-B387-94791011C2B4}.Debug|x64.Build.0 = Debug|Any CPU
		{56FBD13C-D2A9-487E-B387-94791011C2B4}.Debug|x86.ActiveCfg = Debug|Any CPU
		{56FBD13C-D2A9-487E-B387-94791011C2B4}.Debug|x86.Build.0 = Debug|Any CPU
		{56FBD13C-D2A9-487E-B387-94791011C2B4}.Release|Any CPU.ActiveCfg = Release|Any CPU
		{56FBD13C-D2A9-487E-B387-94791011C2B4}.Release|Any CPU.Build.0 = Release|Any CPU
		{56FBD13C-D2A9-487E-B387-94791011C2B4}.Release|x64.ActiveCfg = Release|Any CPU
		{56FBD13C-D2A9-487E-B387-94791011C2B4}.Release|x64.Build.0 = Release|Any CPU
		{56FBD13C-D2A9-487E-B387-94791011C2B4}.Release|x86.ActiveCfg = Release|Any CPU
		{56FBD13C-D2A9-487E-B387-94791011C2B4}.Release|x86.Build.0 = Release|Any CPU
		{FE0C1DB8-9BA1-4E29-B5D0-FAF700B85F68}.Debug|Any CPU.ActiveCfg = Debug|Any CPU
		{FE0C1DB8-9BA1-4E29-B5D0-FAF700B85F68}.Debug|Any CPU.Build.0 = Debug|Any CPU
		{FE0C1DB8-9BA1-4E29-B5D0-FAF700B85F68}.Debug|x64.ActiveCfg = Debug|Any CPU
		{FE0C1DB8-9BA1-4E29-B5D0-FAF700B85F68}.Debug|x64.Build.0 = Debug|Any CPU
		{FE0C1DB8-9BA1-4E29-B5D0-FAF700B85F68}.Debug|x86.ActiveCfg = Debug|Any CPU
		{FE0C1DB8-9BA1-4E29-B5D0-FAF700B85F68}.Debug|x86.Build.0 = Debug|Any CPU
		{FE0C1DB8-9BA1-4E29-B5D0-FAF700B85F68}.Release|Any CPU.ActiveCfg = Release|Any CPU
		{FE0C1DB8-9BA1-4E29-B5D0-FAF700B85F68}.Release|Any CPU.Build.0 = Release|Any CPU
		{FE0C1DB8-9BA1-4E29-B5D0-FAF700B85F68}.Release|x64.ActiveCfg = Release|Any CPU
		{FE0C1DB8-9BA1-4E29-B5D0-FAF700B85F68}.Release|x64.Build.0 = Release|Any CPU
		{FE0C1DB8-9BA1-4E29-B5D0-FAF700B85F68}.Release|x86.ActiveCfg = Release|Any CPU
		{FE0C1DB8-9BA1-4E29-B5D0-FAF700B85F68}.Release|x86.Build.0 = Release|Any CPU
		{E4A6FDBF-B3AF-4506-86FB-A834281C43BC}.Debug|Any CPU.ActiveCfg = Debug|Any CPU
		{E4A6FDBF-B3AF-4506-86FB-A834281C43BC}.Debug|Any CPU.Build.0 = Debug|Any CPU
		{E4A6FDBF-B3AF-4506-86FB-A834281C43BC}.Debug|x64.ActiveCfg = Debug|Any CPU
		{E4A6FDBF-B3AF-4506-86FB-A834281C43BC}.Debug|x64.Build.0 = Debug|Any CPU
		{E4A6FDBF-B3AF-4506-86FB-A834281C43BC}.Debug|x86.ActiveCfg = Debug|Any CPU
		{E4A6FDBF-B3AF-4506-86FB-A834281C43BC}.Debug|x86.Build.0 = Debug|Any CPU
		{E4A6FDBF-B3AF-4506-86FB-A834281C43BC}.Release|Any CPU.ActiveCfg = Release|Any CPU
		{E4A6FDBF-B3AF-4506-86FB-A834281C43BC}.Release|Any CPU.Build.0 = Release|Any CPU
		{E4A6FDBF-B3AF-4506-86FB-A834281C43BC}.Release|x64.ActiveCfg = Release|Any CPU
		{E4A6FDBF-B3AF-4506-86FB-A834281C43BC}.Release|x64.Build.0 = Release|Any CPU
		{E4A6FDBF-B3AF-4506-86FB-A834281C43BC}.Release|x86.ActiveCfg = Release|Any CPU
		{E4A6FDBF-B3AF-4506-86FB-A834281C43BC}.Release|x86.Build.0 = Release|Any CPU
		{8ADCE6E7-25CB-432A-9E20-9FC2810D88FB}.Debug|Any CPU.ActiveCfg = Debug|Any CPU
		{8ADCE6E7-25CB-432A-9E20-9FC2810D88FB}.Debug|Any CPU.Build.0 = Debug|Any CPU
		{8ADCE6E7-25CB-432A-9E20-9FC2810D88FB}.Debug|x64.ActiveCfg = Debug|Any CPU
		{8ADCE6E7-25CB-432A-9E20-9FC2810D88FB}.Debug|x64.Build.0 = Debug|Any CPU
		{8ADCE6E7-25CB-432A-9E20-9FC2810D88FB}.Debug|x86.ActiveCfg = Debug|Any CPU
		{8ADCE6E7-25CB-432A-9E20-9FC2810D88FB}.Debug|x86.Build.0 = Debug|Any CPU
		{8ADCE6E7-25CB-432A-9E20-9FC2810D88FB}.Release|Any CPU.ActiveCfg = Release|Any CPU
		{8ADCE6E7-25CB-432A-9E20-9FC2810D88FB}.Release|Any CPU.Build.0 = Release|Any CPU
		{8ADCE6E7-25CB-432A-9E20-9FC2810D88FB}.Release|x64.ActiveCfg = Release|Any CPU
		{8ADCE6E7-25CB-432A-9E20-9FC2810D88FB}.Release|x64.Build.0 = Release|Any CPU
		{8ADCE6E7-25CB-432A-9E20-9FC2810D88FB}.Release|x86.ActiveCfg = Release|Any CPU
		{8ADCE6E7-25CB-432A-9E20-9FC2810D88FB}.Release|x86.Build.0 = Release|Any CPU
		{9BCCA90A-8DE7-4C0C-817A-0B7E0A50FE81}.Debug|Any CPU.ActiveCfg = Debug|Any CPU
		{9BCCA90A-8DE7-4C0C-817A-0B7E0A50FE81}.Debug|Any CPU.Build.0 = Debug|Any CPU
		{9BCCA90A-8DE7-4C0C-817A-0B7E0A50FE81}.Debug|x64.ActiveCfg = Debug|Any CPU
		{9BCCA90A-8DE7-4C0C-817A-0B7E0A50FE81}.Debug|x64.Build.0 = Debug|Any CPU
		{9BCCA90A-8DE7-4C0C-817A-0B7E0A50FE81}.Debug|x86.ActiveCfg = Debug|Any CPU
		{9BCCA90A-8DE7-4C0C-817A-0B7E0A50FE81}.Debug|x86.Build.0 = Debug|Any CPU
		{9BCCA90A-8DE7-4C0C-817A-0B7E0A50FE81}.Release|Any CPU.ActiveCfg = Release|Any CPU
		{9BCCA90A-8DE7-4C0C-817A-0B7E0A50FE81}.Release|Any CPU.Build.0 = Release|Any CPU
		{9BCCA90A-8DE7-4C0C-817A-0B7E0A50FE81}.Release|x64.ActiveCfg = Release|Any CPU
		{9BCCA90A-8DE7-4C0C-817A-0B7E0A50FE81}.Release|x64.Build.0 = Release|Any CPU
		{9BCCA90A-8DE7-4C0C-817A-0B7E0A50FE81}.Release|x86.ActiveCfg = Release|Any CPU
		{9BCCA90A-8DE7-4C0C-817A-0B7E0A50FE81}.Release|x86.Build.0 = Release|Any CPU
		{57AF2F2F-9D20-40A3-9EEB-891780156AEB}.Debug|Any CPU.ActiveCfg = Debug|Any CPU
		{57AF2F2F-9D20-40A3-9EEB-891780156AEB}.Debug|Any CPU.Build.0 = Debug|Any CPU
		{57AF2F2F-9D20-40A3-9EEB-891780156AEB}.Debug|x64.ActiveCfg = Debug|Any CPU
		{57AF2F2F-9D20-40A3-9EEB-891780156AEB}.Debug|x64.Build.0 = Debug|Any CPU
		{57AF2F2F-9D20-40A3-9EEB-891780156AEB}.Debug|x86.ActiveCfg = Debug|Any CPU
		{57AF2F2F-9D20-40A3-9EEB-891780156AEB}.Debug|x86.Build.0 = Debug|Any CPU
		{57AF2F2F-9D20-40A3-9EEB-891780156AEB}.Release|Any CPU.ActiveCfg = Release|Any CPU
		{57AF2F2F-9D20-40A3-9EEB-891780156AEB}.Release|Any CPU.Build.0 = Release|Any CPU
		{57AF2F2F-9D20-40A3-9EEB-891780156AEB}.Release|x64.ActiveCfg = Release|Any CPU
		{57AF2F2F-9D20-40A3-9EEB-891780156AEB}.Release|x64.Build.0 = Release|Any CPU
		{57AF2F2F-9D20-40A3-9EEB-891780156AEB}.Release|x86.ActiveCfg = Release|Any CPU
		{57AF2F2F-9D20-40A3-9EEB-891780156AEB}.Release|x86.Build.0 = Release|Any CPU
		{0C81E0BF-B9AE-4215-9F31-5CB1E3A026F0}.Debug|Any CPU.ActiveCfg = Debug|Any CPU
		{0C81E0BF-B9AE-4215-9F31-5CB1E3A026F0}.Debug|Any CPU.Build.0 = Debug|Any CPU
		{0C81E0BF-B9AE-4215-9F31-5CB1E3A026F0}.Debug|x64.ActiveCfg = Debug|Any CPU
		{0C81E0BF-B9AE-4215-9F31-5CB1E3A026F0}.Debug|x64.Build.0 = Debug|Any CPU
		{0C81E0BF-B9AE-4215-9F31-5CB1E3A026F0}.Debug|x86.ActiveCfg = Debug|Any CPU
		{0C81E0BF-B9AE-4215-9F31-5CB1E3A026F0}.Debug|x86.Build.0 = Debug|Any CPU
		{0C81E0BF-B9AE-4215-9F31-5CB1E3A026F0}.Release|Any CPU.ActiveCfg = Release|Any CPU
		{0C81E0BF-B9AE-4215-9F31-5CB1E3A026F0}.Release|Any CPU.Build.0 = Release|Any CPU
		{0C81E0BF-B9AE-4215-9F31-5CB1E3A026F0}.Release|x64.ActiveCfg = Release|Any CPU
		{0C81E0BF-B9AE-4215-9F31-5CB1E3A026F0}.Release|x64.Build.0 = Release|Any CPU
		{0C81E0BF-B9AE-4215-9F31-5CB1E3A026F0}.Release|x86.ActiveCfg = Release|Any CPU
		{0C81E0BF-B9AE-4215-9F31-5CB1E3A026F0}.Release|x86.Build.0 = Release|Any CPU
		{B749318F-6FAD-46F8-AF3D-C439F6113C0D}.Debug|Any CPU.ActiveCfg = Debug|Any CPU
		{B749318F-6FAD-46F8-AF3D-C439F6113C0D}.Debug|Any CPU.Build.0 = Debug|Any CPU
		{B749318F-6FAD-46F8-AF3D-C439F6113C0D}.Debug|x64.ActiveCfg = Debug|Any CPU
		{B749318F-6FAD-46F8-AF3D-C439F6113C0D}.Debug|x64.Build.0 = Debug|Any CPU
		{B749318F-6FAD-46F8-AF3D-C439F6113C0D}.Debug|x86.ActiveCfg = Debug|Any CPU
		{B749318F-6FAD-46F8-AF3D-C439F6113C0D}.Debug|x86.Build.0 = Debug|Any CPU
		{B749318F-6FAD-46F8-AF3D-C439F6113C0D}.Release|Any CPU.ActiveCfg = Release|Any CPU
		{B749318F-6FAD-46F8-AF3D-C439F6113C0D}.Release|Any CPU.Build.0 = Release|Any CPU
		{B749318F-6FAD-46F8-AF3D-C439F6113C0D}.Release|x64.ActiveCfg = Release|Any CPU
		{B749318F-6FAD-46F8-AF3D-C439F6113C0D}.Release|x64.Build.0 = Release|Any CPU
		{B749318F-6FAD-46F8-AF3D-C439F6113C0D}.Release|x86.ActiveCfg = Release|Any CPU
		{B749318F-6FAD-46F8-AF3D-C439F6113C0D}.Release|x86.Build.0 = Release|Any CPU
		{F7BAAE7C-3860-488E-BFB5-D3851B876456}.Debug|Any CPU.ActiveCfg = Debug|Any CPU
		{F7BAAE7C-3860-488E-BFB5-D3851B876456}.Debug|Any CPU.Build.0 = Debug|Any CPU
		{F7BAAE7C-3860-488E-BFB5-D3851B876456}.Debug|x64.ActiveCfg = Debug|Any CPU
		{F7BAAE7C-3860-488E-BFB5-D3851B876456}.Debug|x64.Build.0 = Debug|Any CPU
		{F7BAAE7C-3860-488E-BFB5-D3851B876456}.Debug|x86.ActiveCfg = Debug|Any CPU
		{F7BAAE7C-3860-488E-BFB5-D3851B876456}.Debug|x86.Build.0 = Debug|Any CPU
		{F7BAAE7C-3860-488E-BFB5-D3851B876456}.Release|Any CPU.ActiveCfg = Release|Any CPU
		{F7BAAE7C-3860-488E-BFB5-D3851B876456}.Release|Any CPU.Build.0 = Release|Any CPU
		{F7BAAE7C-3860-488E-BFB5-D3851B876456}.Release|x64.ActiveCfg = Release|Any CPU
		{F7BAAE7C-3860-488E-BFB5-D3851B876456}.Release|x64.Build.0 = Release|Any CPU
		{F7BAAE7C-3860-488E-BFB5-D3851B876456}.Release|x86.ActiveCfg = Release|Any CPU
		{F7BAAE7C-3860-488E-BFB5-D3851B876456}.Release|x86.Build.0 = Release|Any CPU
		{9B37BE80-12DE-4111-A542-4A0324915F2B}.Debug|Any CPU.ActiveCfg = Debug|Any CPU
		{9B37BE80-12DE-4111-A542-4A0324915F2B}.Debug|Any CPU.Build.0 = Debug|Any CPU
		{9B37BE80-12DE-4111-A542-4A0324915F2B}.Debug|x64.ActiveCfg = Debug|Any CPU
		{9B37BE80-12DE-4111-A542-4A0324915F2B}.Debug|x64.Build.0 = Debug|Any CPU
		{9B37BE80-12DE-4111-A542-4A0324915F2B}.Debug|x86.ActiveCfg = Debug|Any CPU
		{9B37BE80-12DE-4111-A542-4A0324915F2B}.Debug|x86.Build.0 = Debug|Any CPU
		{9B37BE80-12DE-4111-A542-4A0324915F2B}.Release|Any CPU.ActiveCfg = Release|Any CPU
		{9B37BE80-12DE-4111-A542-4A0324915F2B}.Release|Any CPU.Build.0 = Release|Any CPU
		{9B37BE80-12DE-4111-A542-4A0324915F2B}.Release|x64.ActiveCfg = Release|Any CPU
		{9B37BE80-12DE-4111-A542-4A0324915F2B}.Release|x64.Build.0 = Release|Any CPU
		{9B37BE80-12DE-4111-A542-4A0324915F2B}.Release|x86.ActiveCfg = Release|Any CPU
		{9B37BE80-12DE-4111-A542-4A0324915F2B}.Release|x86.Build.0 = Release|Any CPU
		{FD965680-7A79-4850-86A9-3836C574DD76}.Debug|Any CPU.ActiveCfg = Debug|Any CPU
		{FD965680-7A79-4850-86A9-3836C574DD76}.Debug|Any CPU.Build.0 = Debug|Any CPU
		{FD965680-7A79-4850-86A9-3836C574DD76}.Debug|x64.ActiveCfg = Debug|Any CPU
		{FD965680-7A79-4850-86A9-3836C574DD76}.Debug|x64.Build.0 = Debug|Any CPU
		{FD965680-7A79-4850-86A9-3836C574DD76}.Debug|x86.ActiveCfg = Debug|Any CPU
		{FD965680-7A79-4850-86A9-3836C574DD76}.Debug|x86.Build.0 = Debug|Any CPU
		{FD965680-7A79-4850-86A9-3836C574DD76}.Release|Any CPU.ActiveCfg = Release|Any CPU
		{FD965680-7A79-4850-86A9-3836C574DD76}.Release|Any CPU.Build.0 = Release|Any CPU
		{FD965680-7A79-4850-86A9-3836C574DD76}.Release|x64.ActiveCfg = Release|Any CPU
		{FD965680-7A79-4850-86A9-3836C574DD76}.Release|x64.Build.0 = Release|Any CPU
		{FD965680-7A79-4850-86A9-3836C574DD76}.Release|x86.ActiveCfg = Release|Any CPU
		{FD965680-7A79-4850-86A9-3836C574DD76}.Release|x86.Build.0 = Release|Any CPU
		{2D758580-2EB1-493D-BFBE-CE17C720681D}.Debug|Any CPU.ActiveCfg = Debug|Any CPU
		{2D758580-2EB1-493D-BFBE-CE17C720681D}.Debug|Any CPU.Build.0 = Debug|Any CPU
		{2D758580-2EB1-493D-BFBE-CE17C720681D}.Debug|x64.ActiveCfg = Debug|Any CPU
		{2D758580-2EB1-493D-BFBE-CE17C720681D}.Debug|x64.Build.0 = Debug|Any CPU
		{2D758580-2EB1-493D-BFBE-CE17C720681D}.Debug|x86.ActiveCfg = Debug|Any CPU
		{2D758580-2EB1-493D-BFBE-CE17C720681D}.Debug|x86.Build.0 = Debug|Any CPU
		{2D758580-2EB1-493D-BFBE-CE17C720681D}.Release|Any CPU.ActiveCfg = Release|Any CPU
		{2D758580-2EB1-493D-BFBE-CE17C720681D}.Release|Any CPU.Build.0 = Release|Any CPU
		{2D758580-2EB1-493D-BFBE-CE17C720681D}.Release|x64.ActiveCfg = Release|Any CPU
		{2D758580-2EB1-493D-BFBE-CE17C720681D}.Release|x64.Build.0 = Release|Any CPU
		{2D758580-2EB1-493D-BFBE-CE17C720681D}.Release|x86.ActiveCfg = Release|Any CPU
		{2D758580-2EB1-493D-BFBE-CE17C720681D}.Release|x86.Build.0 = Release|Any CPU
		{DDFEF096-867B-4FEA-92B6-2C5322BDD158}.Debug|Any CPU.ActiveCfg = Debug|Any CPU
		{DDFEF096-867B-4FEA-92B6-2C5322BDD158}.Debug|Any CPU.Build.0 = Debug|Any CPU
		{DDFEF096-867B-4FEA-92B6-2C5322BDD158}.Debug|x64.ActiveCfg = Debug|Any CPU
		{DDFEF096-867B-4FEA-92B6-2C5322BDD158}.Debug|x64.Build.0 = Debug|Any CPU
		{DDFEF096-867B-4FEA-92B6-2C5322BDD158}.Debug|x86.ActiveCfg = Debug|Any CPU
		{DDFEF096-867B-4FEA-92B6-2C5322BDD158}.Debug|x86.Build.0 = Debug|Any CPU
		{DDFEF096-867B-4FEA-92B6-2C5322BDD158}.Release|Any CPU.ActiveCfg = Release|Any CPU
		{DDFEF096-867B-4FEA-92B6-2C5322BDD158}.Release|Any CPU.Build.0 = Release|Any CPU
		{DDFEF096-867B-4FEA-92B6-2C5322BDD158}.Release|x64.ActiveCfg = Release|Any CPU
		{DDFEF096-867B-4FEA-92B6-2C5322BDD158}.Release|x64.Build.0 = Release|Any CPU
		{DDFEF096-867B-4FEA-92B6-2C5322BDD158}.Release|x86.ActiveCfg = Release|Any CPU
		{DDFEF096-867B-4FEA-92B6-2C5322BDD158}.Release|x86.Build.0 = Release|Any CPU
		{110C081A-CF0C-4DA3-B904-C49733CD3AC8}.Debug|Any CPU.ActiveCfg = Debug|Any CPU
		{110C081A-CF0C-4DA3-B904-C49733CD3AC8}.Debug|Any CPU.Build.0 = Debug|Any CPU
		{110C081A-CF0C-4DA3-B904-C49733CD3AC8}.Debug|x64.ActiveCfg = Debug|Any CPU
		{110C081A-CF0C-4DA3-B904-C49733CD3AC8}.Debug|x64.Build.0 = Debug|Any CPU
		{110C081A-CF0C-4DA3-B904-C49733CD3AC8}.Debug|x86.ActiveCfg = Debug|Any CPU
		{110C081A-CF0C-4DA3-B904-C49733CD3AC8}.Debug|x86.Build.0 = Debug|Any CPU
		{110C081A-CF0C-4DA3-B904-C49733CD3AC8}.Release|Any CPU.ActiveCfg = Release|Any CPU
		{110C081A-CF0C-4DA3-B904-C49733CD3AC8}.Release|Any CPU.Build.0 = Release|Any CPU
		{110C081A-CF0C-4DA3-B904-C49733CD3AC8}.Release|x64.ActiveCfg = Release|Any CPU
		{110C081A-CF0C-4DA3-B904-C49733CD3AC8}.Release|x64.Build.0 = Release|Any CPU
		{110C081A-CF0C-4DA3-B904-C49733CD3AC8}.Release|x86.ActiveCfg = Release|Any CPU
		{110C081A-CF0C-4DA3-B904-C49733CD3AC8}.Release|x86.Build.0 = Release|Any CPU
		{BFF13BCD-711F-4C6E-B8CD-3F56640B8A6C}.Debug|Any CPU.ActiveCfg = Debug|Any CPU
		{BFF13BCD-711F-4C6E-B8CD-3F56640B8A6C}.Debug|Any CPU.Build.0 = Debug|Any CPU
		{BFF13BCD-711F-4C6E-B8CD-3F56640B8A6C}.Debug|x64.ActiveCfg = Debug|Any CPU
		{BFF13BCD-711F-4C6E-B8CD-3F56640B8A6C}.Debug|x64.Build.0 = Debug|Any CPU
		{BFF13BCD-711F-4C6E-B8CD-3F56640B8A6C}.Debug|x86.ActiveCfg = Debug|Any CPU
		{BFF13BCD-711F-4C6E-B8CD-3F56640B8A6C}.Debug|x86.Build.0 = Debug|Any CPU
		{BFF13BCD-711F-4C6E-B8CD-3F56640B8A6C}.Release|Any CPU.ActiveCfg = Release|Any CPU
		{BFF13BCD-711F-4C6E-B8CD-3F56640B8A6C}.Release|Any CPU.Build.0 = Release|Any CPU
		{BFF13BCD-711F-4C6E-B8CD-3F56640B8A6C}.Release|x64.ActiveCfg = Release|Any CPU
		{BFF13BCD-711F-4C6E-B8CD-3F56640B8A6C}.Release|x64.Build.0 = Release|Any CPU
		{BFF13BCD-711F-4C6E-B8CD-3F56640B8A6C}.Release|x86.ActiveCfg = Release|Any CPU
		{BFF13BCD-711F-4C6E-B8CD-3F56640B8A6C}.Release|x86.Build.0 = Release|Any CPU
		{09DEA85F-5CCB-4F16-A8EE-514633ECCECF}.Debug|Any CPU.ActiveCfg = Debug|Any CPU
		{09DEA85F-5CCB-4F16-A8EE-514633ECCECF}.Debug|Any CPU.Build.0 = Debug|Any CPU
		{09DEA85F-5CCB-4F16-A8EE-514633ECCECF}.Debug|x64.ActiveCfg = Debug|Any CPU
		{09DEA85F-5CCB-4F16-A8EE-514633ECCECF}.Debug|x64.Build.0 = Debug|Any CPU
		{09DEA85F-5CCB-4F16-A8EE-514633ECCECF}.Debug|x86.ActiveCfg = Debug|Any CPU
		{09DEA85F-5CCB-4F16-A8EE-514633ECCECF}.Debug|x86.Build.0 = Debug|Any CPU
		{09DEA85F-5CCB-4F16-A8EE-514633ECCECF}.Release|Any CPU.ActiveCfg = Release|Any CPU
		{09DEA85F-5CCB-4F16-A8EE-514633ECCECF}.Release|Any CPU.Build.0 = Release|Any CPU
		{09DEA85F-5CCB-4F16-A8EE-514633ECCECF}.Release|x64.ActiveCfg = Release|Any CPU
		{09DEA85F-5CCB-4F16-A8EE-514633ECCECF}.Release|x64.Build.0 = Release|Any CPU
		{09DEA85F-5CCB-4F16-A8EE-514633ECCECF}.Release|x86.ActiveCfg = Release|Any CPU
		{09DEA85F-5CCB-4F16-A8EE-514633ECCECF}.Release|x86.Build.0 = Release|Any CPU
	EndGlobalSection
	GlobalSection(SolutionProperties) = preSolution
		HideSolutionNode = FALSE
	EndGlobalSection
	GlobalSection(NestedProjects) = preSolution
		{FE0C1DB8-9BA1-4E29-B5D0-FAF700B85F68} = {EB15B669-2ABA-45E8-B70D-79FACE22B154}
		{E4A6FDBF-B3AF-4506-86FB-A834281C43BC} = {EB15B669-2ABA-45E8-B70D-79FACE22B154}
		{8ADCE6E7-25CB-432A-9E20-9FC2810D88FB} = {EB15B669-2ABA-45E8-B70D-79FACE22B154}
		{9BCCA90A-8DE7-4C0C-817A-0B7E0A50FE81} = {EB15B669-2ABA-45E8-B70D-79FACE22B154}
		{57AF2F2F-9D20-40A3-9EEB-891780156AEB} = {EB15B669-2ABA-45E8-B70D-79FACE22B154}
		{0C81E0BF-B9AE-4215-9F31-5CB1E3A026F0} = {EB15B669-2ABA-45E8-B70D-79FACE22B154}
		{B749318F-6FAD-46F8-AF3D-C439F6113C0D} = {EB15B669-2ABA-45E8-B70D-79FACE22B154}
		{F7BAAE7C-3860-488E-BFB5-D3851B876456} = {EB15B669-2ABA-45E8-B70D-79FACE22B154}
		{9B37BE80-12DE-4111-A542-4A0324915F2B} = {EB15B669-2ABA-45E8-B70D-79FACE22B154}
		{FD965680-7A79-4850-86A9-3836C574DD76} = {EB15B669-2ABA-45E8-B70D-79FACE22B154}
		{2D758580-2EB1-493D-BFBE-CE17C720681D} = {EB15B669-2ABA-45E8-B70D-79FACE22B154}
		{DDFEF096-867B-4FEA-92B6-2C5322BDD158} = {EB15B669-2ABA-45E8-B70D-79FACE22B154}
		{110C081A-CF0C-4DA3-B904-C49733CD3AC8} = {EB15B669-2ABA-45E8-B70D-79FACE22B154}
		{BFF13BCD-711F-4C6E-B8CD-3F56640B8A6C} = {EB15B669-2ABA-45E8-B70D-79FACE22B154}
		{09DEA85F-5CCB-4F16-A8EE-514633ECCECF} = {EB15B669-2ABA-45E8-B70D-79FACE22B154}
	EndGlobalSection
	GlobalSection(ExtensibilityGlobals) = postSolution
		SolutionGuid = {E989945C-D894-4715-BAE1-894A78882136}
	EndGlobalSection
EndGlobal
