
Microsoft Visual Studio Solution File, Format Version 12.00
# Visual Studio Version 16
VisualStudioVersion = 16.0.30114.105
MinimumVisualStudioVersion = 10.0.40219.1
Project("{FAE04EC0-301F-11D3-BF4B-00C04F79EFBC}") = "R5T.Lombardy", "R5T.Lombardy\R5T.Lombardy.csproj", "{944AD65F-5854-4E81-802D-79809A7251BF}"
EndProject
Project("{FAE04EC0-301F-11D3-BF4B-00C04F79EFBC}") = "R5T.Lombardy.Construction", "R5T.Lombardy.Construction\R5T.Lombardy.Construction.csproj", "{83B8256A-C216-400B-830E-3F91FA09E1B3}"
EndProject
Project("{FAE04EC0-301F-11D3-BF4B-00C04F79EFBC}") = "R5T.Lombardy.Testing", "R5T.Lombardy.Testing\R5T.Lombardy.Testing.csproj", "{EAE32846-A8B3-4F28-AAED-3361CB9061D7}"
EndProject
Global
	GlobalSection(SolutionConfigurationPlatforms) = preSolution
		Debug|Any CPU = Debug|Any CPU
		Debug|x64 = Debug|x64
		Debug|x86 = Debug|x86
		Release|Any CPU = Release|Any CPU
		Release|x64 = Release|x64
		Release|x86 = Release|x86
	EndGlobalSection
	GlobalSection(SolutionProperties) = preSolution
		HideSolutionNode = FALSE
	EndGlobalSection
	GlobalSection(ProjectConfigurationPlatforms) = postSolution
		{944AD65F-5854-4E81-802D-79809A7251BF}.Debug|Any CPU.ActiveCfg = Debug|Any CPU
		{944AD65F-5854-4E81-802D-79809A7251BF}.Debug|Any CPU.Build.0 = Debug|Any CPU
		{944AD65F-5854-4E81-802D-79809A7251BF}.Debug|x64.ActiveCfg = Debug|Any CPU
		{944AD65F-5854-4E81-802D-79809A7251BF}.Debug|x64.Build.0 = Debug|Any CPU
		{944AD65F-5854-4E81-802D-79809A7251BF}.Debug|x86.ActiveCfg = Debug|Any CPU
		{944AD65F-5854-4E81-802D-79809A7251BF}.Debug|x86.Build.0 = Debug|Any CPU
		{944AD65F-5854-4E81-802D-79809A7251BF}.Release|Any CPU.ActiveCfg = Release|Any CPU
		{944AD65F-5854-4E81-802D-79809A7251BF}.Release|Any CPU.Build.0 = Release|Any CPU
		{944AD65F-5854-4E81-802D-79809A7251BF}.Release|x64.ActiveCfg = Release|Any CPU
		{944AD65F-5854-4E81-802D-79809A7251BF}.Release|x64.Build.0 = Release|Any CPU
		{944AD65F-5854-4E81-802D-79809A7251BF}.Release|x86.ActiveCfg = Release|Any CPU
		{944AD65F-5854-4E81-802D-79809A7251BF}.Release|x86.Build.0 = Release|Any CPU
		{83B8256A-C216-400B-830E-3F91FA09E1B3}.Debug|Any CPU.ActiveCfg = Debug|Any CPU
		{83B8256A-C216-400B-830E-3F91FA09E1B3}.Debug|Any CPU.Build.0 = Debug|Any CPU
		{83B8256A-C216-400B-830E-3F91FA09E1B3}.Debug|x64.ActiveCfg = Debug|Any CPU
		{83B8256A-C216-400B-830E-3F91FA09E1B3}.Debug|x64.Build.0 = Debug|Any CPU
		{83B8256A-C216-400B-830E-3F91FA09E1B3}.Debug|x86.ActiveCfg = Debug|Any CPU
		{83B8256A-C216-400B-830E-3F91FA09E1B3}.Debug|x86.Build.0 = Debug|Any CPU
		{83B8256A-C216-400B-830E-3F91FA09E1B3}.Release|Any CPU.ActiveCfg = Release|Any CPU
		{83B8256A-C216-400B-830E-3F91FA09E1B3}.Release|Any CPU.Build.0 = Release|Any CPU
		{83B8256A-C216-400B-830E-3F91FA09E1B3}.Release|x64.ActiveCfg = Release|Any CPU
		{83B8256A-C216-400B-830E-3F91FA09E1B3}.Release|x64.Build.0 = Release|Any CPU
		{83B8256A-C216-400B-830E-3F91FA09E1B3}.Release|x86.ActiveCfg = Release|Any CPU
		{83B8256A-C216-400B-830E-3F91FA09E1B3}.Release|x86.Build.0 = Release|Any CPU
		{EAE32846-A8B3-4F28-AAED-3361CB9061D7}.Debug|Any CPU.ActiveCfg = Debug|Any CPU
		{EAE32846-A8B3-4F28-AAED-3361CB9061D7}.Debug|Any CPU.Build.0 = Debug|Any CPU
		{EAE32846-A8B3-4F28-AAED-3361CB9061D7}.Debug|x64.ActiveCfg = Debug|Any CPU
		{EAE32846-A8B3-4F28-AAED-3361CB9061D7}.Debug|x64.Build.0 = Debug|Any CPU
		{EAE32846-A8B3-4F28-AAED-3361CB9061D7}.Debug|x86.ActiveCfg = Debug|Any CPU
		{EAE32846-A8B3-4F28-AAED-3361CB9061D7}.Debug|x86.Build.0 = Debug|Any CPU
		{EAE32846-A8B3-4F28-AAED-3361CB9061D7}.Release|Any CPU.ActiveCfg = Release|Any CPU
		{EAE32846-A8B3-4F28-AAED-3361CB9061D7}.Release|Any CPU.Build.0 = Release|Any CPU
		{EAE32846-A8B3-4F28-AAED-3361CB9061D7}.Release|x64.ActiveCfg = Release|Any CPU
		{EAE32846-A8B3-4F28-AAED-3361CB9061D7}.Release|x64.Build.0 = Release|Any CPU
		{EAE32846-A8B3-4F28-AAED-3361CB9061D7}.Release|x86.ActiveCfg = Release|Any CPU
		{EAE32846-A8B3-4F28-AAED-3361CB9061D7}.Release|x86.Build.0 = Release|Any CPU
	EndGlobalSection
EndGlobal
